
Microsoft Visual Studio Solution File, Format Version 12.00
# Visual Studio Version 16
VisualStudioVersion = 16.0.31205.134
MinimumVisualStudioVersion = 10.0.40219.1
Project("{FAE04EC0-301F-11D3-BF4B-00C04F79EFBC}") = "JarmuKolcsonzo", "JarmuKolcsonzo\JarmuKolcsonzo.csproj", "{A90806C7-2EF1-4658-BC65-8B6480A7FC43}"
EndProject
Global
	GlobalSection(SolutionConfigurationPlatforms) = preSolution
		Debug|Any CPU = Debug|Any CPU
		Release|Any CPU = Release|Any CPU
	EndGlobalSection
	GlobalSection(ProjectConfigurationPlatforms) = postSolution
		{A90806C7-2EF1-4658-BC65-8B6480A7FC43}.Debug|Any CPU.ActiveCfg = Debug|Any CPU
		{A90806C7-2EF1-4658-BC65-8B6480A7FC43}.Debug|Any CPU.Build.0 = Debug|Any CPU
		{A90806C7-2EF1-4658-BC65-8B6480A7FC43}.Release|Any CPU.ActiveCfg = Release|Any CPU
		{A90806C7-2EF1-4658-BC65-8B6480A7FC43}.Release|Any CPU.Build.0 = Release|Any CPU
	EndGlobalSection
	GlobalSection(SolutionProperties) = preSolution
		HideSolutionNode = FALSE
	EndGlobalSection
	GlobalSection(ExtensibilityGlobals) = postSolution
		SolutionGuid = {8611EC26-102D-4FDC-A7B3-A092098C2DDB}
	EndGlobalSection
EndGlobal
